// !$*UTF8*$!
{
	archiveVersion = 1;
	classes = {
	};
	objectVersion = 48;
	objects = {

/* Begin PBXBuildFile section */
		40385C1B215A3567004C520D /* UserRegisterViewController.swift in Sources */ = {isa = PBXBuildFile; fileRef = 40385C1A215A3567004C520D /* UserRegisterViewController.swift */; };
		40385C1D215A48BD004C520D /* UserLoginViewController.swift in Sources */ = {isa = PBXBuildFile; fileRef = 40385C1C215A48BD004C520D /* UserLoginViewController.swift */; };
		40AA4A7521AAABE30015E998 /* currency-icon.png in Resources */ = {isa = PBXBuildFile; fileRef = 40AA4A7421AAABE30015E998 /* currency-icon.png */; };
		40AECDA52157919D0059AA8C /* AppDelegate.swift in Sources */ = {isa = PBXBuildFile; fileRef = 40AECDA42157919D0059AA8C /* AppDelegate.swift */; };
		40AECDA72157919D0059AA8C /* ViewController.swift in Sources */ = {isa = PBXBuildFile; fileRef = 40AECDA62157919D0059AA8C /* ViewController.swift */; };
		40AECDBA2157919D0059AA8C /* highvoltageTests.swift in Sources */ = {isa = PBXBuildFile; fileRef = 40AECDB92157919D0059AA8C /* highvoltageTests.swift */; };
		40AECDC52157919D0059AA8C /* highvoltageUITests.swift in Sources */ = {isa = PBXBuildFile; fileRef = 40AECDC42157919D0059AA8C /* highvoltageUITests.swift */; };
		40F791FF219194800077B8EF /* CurrencyMain.swift in Sources */ = {isa = PBXBuildFile; fileRef = 40F791FE219194800077B8EF /* CurrencyMain.swift */; };
		540EA27321B6C446001129FB /* Main.storyboard in Resources */ = {isa = PBXBuildFile; fileRef = 540EA27121B6C34A001129FB /* Main.storyboard */; };
/* End PBXBuildFile section */

/* Begin PBXContainerItemProxy section */
		40AECDB62157919D0059AA8C /* PBXContainerItemProxy */ = {
			isa = PBXContainerItemProxy;
			containerPortal = 40AECD992157919D0059AA8C /* Project object */;
			proxyType = 1;
			remoteGlobalIDString = 40AECDA02157919D0059AA8C;
			remoteInfo = highvoltage;
		};
		40AECDC12157919D0059AA8C /* PBXContainerItemProxy */ = {
			isa = PBXContainerItemProxy;
			containerPortal = 40AECD992157919D0059AA8C /* Project object */;
			proxyType = 1;
			remoteGlobalIDString = 40AECDA02157919D0059AA8C;
			remoteInfo = highvoltage;
		};
/* End PBXContainerItemProxy section */

/* Begin PBXFileReference section */
		40385C1A215A3567004C520D /* UserRegisterViewController.swift */ = {isa = PBXFileReference; lastKnownFileType = sourcecode.swift; path = UserRegisterViewController.swift; sourceTree = "<group>"; };
		40385C1C215A48BD004C520D /* UserLoginViewController.swift */ = {isa = PBXFileReference; lastKnownFileType = sourcecode.swift; path = UserLoginViewController.swift; sourceTree = "<group>"; };
		40AA4A7421AAABE30015E998 /* currency-icon.png */ = {isa = PBXFileReference; lastKnownFileType = image.png; path = "currency-icon.png"; sourceTree = "<group>"; };
		40AECDA12157919D0059AA8C /* highvoltage.app */ = {isa = PBXFileReference; explicitFileType = wrapper.application; includeInIndex = 0; path = highvoltage.app; sourceTree = BUILT_PRODUCTS_DIR; };
		40AECDA42157919D0059AA8C /* AppDelegate.swift */ = {isa = PBXFileReference; lastKnownFileType = sourcecode.swift; path = AppDelegate.swift; sourceTree = "<group>"; };
		40AECDA62157919D0059AA8C /* ViewController.swift */ = {isa = PBXFileReference; lastKnownFileType = sourcecode.swift; path = ViewController.swift; sourceTree = "<group>"; };
		40AECDAE2157919D0059AA8C /* Base */ = {isa = PBXFileReference; lastKnownFileType = file.storyboard; name = Base; path = Base.lproj/LaunchScreen.storyboard; sourceTree = "<group>"; };
		40AECDB02157919D0059AA8C /* Info.plist */ = {isa = PBXFileReference; lastKnownFileType = text.plist.xml; path = Info.plist; sourceTree = "<group>"; };
		40AECDB52157919D0059AA8C /* highvoltageTests.xctest */ = {isa = PBXFileReference; explicitFileType = wrapper.cfbundle; includeInIndex = 0; path = highvoltageTests.xctest; sourceTree = BUILT_PRODUCTS_DIR; };
		40AECDB92157919D0059AA8C /* highvoltageTests.swift */ = {isa = PBXFileReference; lastKnownFileType = sourcecode.swift; path = highvoltageTests.swift; sourceTree = "<group>"; };
		40AECDBB2157919D0059AA8C /* Info.plist */ = {isa = PBXFileReference; lastKnownFileType = text.plist.xml; path = Info.plist; sourceTree = "<group>"; };
		40AECDC02157919D0059AA8C /* highvoltageUITests.xctest */ = {isa = PBXFileReference; explicitFileType = wrapper.cfbundle; includeInIndex = 0; path = highvoltageUITests.xctest; sourceTree = BUILT_PRODUCTS_DIR; };
		40AECDC42157919D0059AA8C /* highvoltageUITests.swift */ = {isa = PBXFileReference; lastKnownFileType = sourcecode.swift; path = highvoltageUITests.swift; sourceTree = "<group>"; };
		40AECDC62157919D0059AA8C /* Info.plist */ = {isa = PBXFileReference; lastKnownFileType = text.plist.xml; path = Info.plist; sourceTree = "<group>"; };
		40F791FE219194800077B8EF /* CurrencyMain.swift */ = {isa = PBXFileReference; lastKnownFileType = sourcecode.swift; path = CurrencyMain.swift; sourceTree = "<group>"; };
		540EA27121B6C34A001129FB /* Main.storyboard */ = {isa = PBXFileReference; fileEncoding = 4; lastKnownFileType = file.storyboard; path = Main.storyboard; sourceTree = "<group>"; };
		5479E65921B54E0500A76A91 /* LaunchScreen.storyboard */ = {isa = PBXFileReference; lastKnownFileType = file.storyboard; path = LaunchScreen.storyboard; sourceTree = "<group>"; };
/* End PBXFileReference section */

/* Begin PBXFrameworksBuildPhase section */
		40AECD9E2157919D0059AA8C /* Frameworks */ = {
			isa = PBXFrameworksBuildPhase;
			buildActionMask = 2147483647;
			files = (
			);
			runOnlyForDeploymentPostprocessing = 0;
		};
		40AECDB22157919D0059AA8C /* Frameworks */ = {
			isa = PBXFrameworksBuildPhase;
			buildActionMask = 2147483647;
			files = (
			);
			runOnlyForDeploymentPostprocessing = 0;
		};
		40AECDBD2157919D0059AA8C /* Frameworks */ = {
			isa = PBXFrameworksBuildPhase;
			buildActionMask = 2147483647;
			files = (
			);
			runOnlyForDeploymentPostprocessing = 0;
		};
/* End PBXFrameworksBuildPhase section */

/* Begin PBXGroup section */
		40AECD982157919D0059AA8C = {
			isa = PBXGroup;
			children = (
				40AECDA32157919D0059AA8C /* highvoltage */,
				40AECDB82157919D0059AA8C /* highvoltageTests */,
				40AECDC32157919D0059AA8C /* highvoltageUITests */,
				40AECDA22157919D0059AA8C /* Products */,
			);
			sourceTree = "<group>";
		};
		40AECDA22157919D0059AA8C /* Products */ = {
			isa = PBXGroup;
			children = (
				40AECDA12157919D0059AA8C /* highvoltage.app */,
				40AECDB52157919D0059AA8C /* highvoltageTests.xctest */,
				40AECDC02157919D0059AA8C /* highvoltageUITests.xctest */,
			);
			name = Products;
			sourceTree = "<group>";
		};
		40AECDA32157919D0059AA8C /* highvoltage */ = {
			isa = PBXGroup;
			children = (
				540EA27121B6C34A001129FB /* Main.storyboard */,
				40AECDA42157919D0059AA8C /* AppDelegate.swift */,
				40AECDA62157919D0059AA8C /* ViewController.swift */,
				40AA4A7421AAABE30015E998 /* currency-icon.png */,
				40AECDAD2157919D0059AA8C /* LaunchScreen.storyboard */,
				40AECDB02157919D0059AA8C /* Info.plist */,
				40385C1A215A3567004C520D /* UserRegisterViewController.swift */,
				40385C1C215A48BD004C520D /* UserLoginViewController.swift */,
				40F791FE219194800077B8EF /* CurrencyMain.swift */,
				5479E65921B54E0500A76A91 /* LaunchScreen.storyboard */,
			);
			path = highvoltage;
			sourceTree = "<group>";
		};
		40AECDB82157919D0059AA8C /* highvoltageTests */ = {
			isa = PBXGroup;
			children = (
				40AECDB92157919D0059AA8C /* highvoltageTests.swift */,
				40AECDBB2157919D0059AA8C /* Info.plist */,
			);
			path = highvoltageTests;
			sourceTree = "<group>";
		};
		40AECDC32157919D0059AA8C /* highvoltageUITests */ = {
			isa = PBXGroup;
			children = (
				40AECDC42157919D0059AA8C /* highvoltageUITests.swift */,
				40AECDC62157919D0059AA8C /* Info.plist */,
			);
			path = highvoltageUITests;
			sourceTree = "<group>";
		};
/* End PBXGroup section */

/* Begin PBXNativeTarget section */
		40AECDA02157919D0059AA8C /* highvoltage */ = {
			isa = PBXNativeTarget;
			buildConfigurationList = 40AECDC92157919D0059AA8C /* Build configuration list for PBXNativeTarget "highvoltage" */;
			buildPhases = (
				40AECD9D2157919D0059AA8C /* Sources */,
				40AECD9E2157919D0059AA8C /* Frameworks */,
				40AECD9F2157919D0059AA8C /* Resources */,
			);
			buildRules = (
			);
			dependencies = (
			);
			name = highvoltage;
			productName = highvoltage;
			productReference = 40AECDA12157919D0059AA8C /* highvoltage.app */;
			productType = "com.apple.product-type.application";
		};
		40AECDB42157919D0059AA8C /* highvoltageTests */ = {
			isa = PBXNativeTarget;
			buildConfigurationList = 40AECDCC2157919D0059AA8C /* Build configuration list for PBXNativeTarget "highvoltageTests" */;
			buildPhases = (
				40AECDB12157919D0059AA8C /* Sources */,
				40AECDB22157919D0059AA8C /* Frameworks */,
				40AECDB32157919D0059AA8C /* Resources */,
			);
			buildRules = (
			);
			dependencies = (
				40AECDB72157919D0059AA8C /* PBXTargetDependency */,
			);
			name = highvoltageTests;
			productName = highvoltageTests;
			productReference = 40AECDB52157919D0059AA8C /* highvoltageTests.xctest */;
			productType = "com.apple.product-type.bundle.unit-test";
		};
		40AECDBF2157919D0059AA8C /* highvoltageUITests */ = {
			isa = PBXNativeTarget;
			buildConfigurationList = 40AECDCF2157919D0059AA8C /* Build configuration list for PBXNativeTarget "highvoltageUITests" */;
			buildPhases = (
				40AECDBC2157919D0059AA8C /* Sources */,
				40AECDBD2157919D0059AA8C /* Frameworks */,
				40AECDBE2157919D0059AA8C /* Resources */,
			);
			buildRules = (
			);
			dependencies = (
				40AECDC22157919D0059AA8C /* PBXTargetDependency */,
			);
			name = highvoltageUITests;
			productName = highvoltageUITests;
			productReference = 40AECDC02157919D0059AA8C /* highvoltageUITests.xctest */;
			productType = "com.apple.product-type.bundle.ui-testing";
		};
/* End PBXNativeTarget section */

/* Begin PBXProject section */
		40AECD992157919D0059AA8C /* Project object */ = {
			isa = PBXProject;
			attributes = {
				LastSwiftUpdateCheck = 0920;
				LastUpgradeCheck = 0920;
				ORGANIZATIONNAME = kuet;
				TargetAttributes = {
					40AECDA02157919D0059AA8C = {
						CreatedOnToolsVersion = 9.2;
						ProvisioningStyle = Automatic;
					};
					40AECDB42157919D0059AA8C = {
						CreatedOnToolsVersion = 9.2;
						ProvisioningStyle = Automatic;
						TestTargetID = 40AECDA02157919D0059AA8C;
					};
					40AECDBF2157919D0059AA8C = {
						CreatedOnToolsVersion = 9.2;
						ProvisioningStyle = Automatic;
						TestTargetID = 40AECDA02157919D0059AA8C;
					};
				};
			};
			buildConfigurationList = 40AECD9C2157919D0059AA8C /* Build configuration list for PBXProject "highvoltage" */;
			compatibilityVersion = "Xcode 8.0";
			developmentRegion = en;
			hasScannedForEncodings = 0;
			knownRegions = (
				en,
				Base,
			);
			mainGroup = 40AECD982157919D0059AA8C;
			productRefGroup = 40AECDA22157919D0059AA8C /* Products */;
			projectDirPath = "";
			projectRoot = "";
			targets = (
				40AECDA02157919D0059AA8C /* highvoltage */,
				40AECDB42157919D0059AA8C /* highvoltageTests */,
				40AECDBF2157919D0059AA8C /* highvoltageUITests */,
			);
		};
/* End PBXProject section */

/* Begin PBXResourcesBuildPhase section */
		40AECD9F2157919D0059AA8C /* Resources */ = {
			isa = PBXResourcesBuildPhase;
			buildActionMask = 2147483647;
			files = (
				540EA27321B6C446001129FB /* Main.storyboard in Resources */,
				40AA4A7521AAABE30015E998 /* currency-icon.png in Resources */,
			);
			runOnlyForDeploymentPostprocessing = 0;
		};
		40AECDB32157919D0059AA8C /* Resources */ = {
			isa = PBXResourcesBuildPhase;
			buildActionMask = 2147483647;
			files = (
			);
			runOnlyForDeploymentPostprocessing = 0;
		};
		40AECDBE2157919D0059AA8C /* Resources */ = {
			isa = PBXResourcesBuildPhase;
			buildActionMask = 2147483647;
			files = (
			);
			runOnlyForDeploymentPostprocessing = 0;
		};
/* End PBXResourcesBuildPhase section */

/* Begin PBXSourcesBuildPhase section */
		40AECD9D2157919D0059AA8C /* Sources */ = {
			isa = PBXSourcesBuildPhase;
			buildActionMask = 2147483647;
			files = (
				40385C1B215A3567004C520D /* UserRegisterViewController.swift in Sources */,
				40AECDA72157919D0059AA8C /* ViewController.swift in Sources */,
				40AECDA52157919D0059AA8C /* AppDelegate.swift in Sources */,
				40F791FF219194800077B8EF /* CurrencyMain.swift in Sources */,
				40385C1D215A48BD004C520D /* UserLoginViewController.swift in Sources */,
			);
			runOnlyForDeploymentPostprocessing = 0;
		};
		40AECDB12157919D0059AA8C /* Sources */ = {
			isa = PBXSourcesBuildPhase;
			buildActionMask = 2147483647;
			files = (
				40AECDBA2157919D0059AA8C /* highvoltageTests.swift in Sources */,
			);
			runOnlyForDeploymentPostprocessing = 0;
		};
		40AECDBC2157919D0059AA8C /* Sources */ = {
			isa = PBXSourcesBuildPhase;
			buildActionMask = 2147483647;
			files = (
				40AECDC52157919D0059AA8C /* highvoltageUITests.swift in Sources */,
			);
			runOnlyForDeploymentPostprocessing = 0;
		};
/* End PBXSourcesBuildPhase section */

/* Begin PBXTargetDependency section */
		40AECDB72157919D0059AA8C /* PBXTargetDependency */ = {
			isa = PBXTargetDependency;
			target = 40AECDA02157919D0059AA8C /* highvoltage */;
			targetProxy = 40AECDB62157919D0059AA8C /* PBXContainerItemProxy */;
		};
		40AECDC22157919D0059AA8C /* PBXTargetDependency */ = {
			isa = PBXTargetDependency;
			target = 40AECDA02157919D0059AA8C /* highvoltage */;
			targetProxy = 40AECDC12157919D0059AA8C /* PBXContainerItemProxy */;
		};
/* End PBXTargetDependency section */

/* Begin PBXVariantGroup section */
		40AECDAD2157919D0059AA8C /* LaunchScreen.storyboard */ = {
			isa = PBXVariantGroup;
			children = (
				40AECDAE2157919D0059AA8C /* Base */,
			);
			name = LaunchScreen.storyboard;
			sourceTree = "<group>";
		};
/* End PBXVariantGroup section */

/* Begin XCBuildConfiguration section */
		40AECDC72157919D0059AA8C /* Debug */ = {
			isa = XCBuildConfiguration;
			buildSettings = {
				ALWAYS_SEARCH_USER_PATHS = NO;
				CLANG_ANALYZER_NONNULL = YES;
				CLANG_ANALYZER_NUMBER_OBJECT_CONVERSION = YES_AGGRESSIVE;
				CLANG_CXX_LANGUAGE_STANDARD = "gnu++14";
				CLANG_CXX_LIBRARY = "libc++";
				CLANG_ENABLE_MODULES = YES;
				CLANG_ENABLE_OBJC_ARC = YES;
				CLANG_WARN_BLOCK_CAPTURE_AUTORELEASING = YES;
				CLANG_WARN_BOOL_CONVERSION = YES;
				CLANG_WARN_COMMA = YES;
				CLANG_WARN_CONSTANT_CONVERSION = YES;
				CLANG_WARN_DIRECT_OBJC_ISA_USAGE = YES_ERROR;
				CLANG_WARN_DOCUMENTATION_COMMENTS = YES;
				CLANG_WARN_EMPTY_BODY = YES;
				CLANG_WARN_ENUM_CONVERSION = YES;
				CLANG_WARN_INFINITE_RECURSION = YES;
				CLANG_WARN_INT_CONVERSION = YES;
				CLANG_WARN_NON_LITERAL_NULL_CONVERSION = YES;
				CLANG_WARN_OBJC_LITERAL_CONVERSION = YES;
				CLANG_WARN_OBJC_ROOT_CLASS = YES_ERROR;
				CLANG_WARN_RANGE_LOOP_ANALYSIS = YES;
				CLANG_WARN_STRICT_PROTOTYPES = YES;
				CLANG_WARN_SUSPICIOUS_MOVE = YES;
				CLANG_WARN_UNGUARDED_AVAILABILITY = YES_AGGRESSIVE;
				CLANG_WARN_UNREACHABLE_CODE = YES;
				CLANG_WARN__DUPLICATE_METHOD_MATCH = YES;
				CODE_SIGN_IDENTITY = "iPhone Developer";
				COPY_PHASE_STRIP = NO;
				DEBUG_INFORMATION_FORMAT = dwarf;
				ENABLE_STRICT_OBJC_MSGSEND = YES;
				ENABLE_TESTABILITY = YES;
				GCC_C_LANGUAGE_STANDARD = gnu11;
				GCC_DYNAMIC_NO_PIC = NO;
				GCC_NO_COMMON_BLOCKS = YES;
				GCC_OPTIMIZATION_LEVEL = 0;
				GCC_PREPROCESSOR_DEFINITIONS = (
					"DEBUG=1",
					"$(inherited)",
				);
				GCC_WARN_64_TO_32_BIT_CONVERSION = YES;
				GCC_WARN_ABOUT_RETURN_TYPE = YES_ERROR;
				GCC_WARN_UNDECLARED_SELECTOR = YES;
				GCC_WARN_UNINITIALIZED_AUTOS = YES_AGGRESSIVE;
				GCC_WARN_UNUSED_FUNCTION = YES;
				GCC_WARN_UNUSED_VARIABLE = YES;
				IPHONEOS_DEPLOYMENT_TARGET = 11.2;
				MTL_ENABLE_DEBUG_INFO = YES;
				ONLY_ACTIVE_ARCH = YES;
				SDKROOT = iphoneos;
				SWIFT_ACTIVE_COMPILATION_CONDITIONS = DEBUG;
				SWIFT_OPTIMIZATION_LEVEL = "-Onone";
			};
			name = Debug;
		};
		40AECDC82157919D0059AA8C /* Release */ = {
			isa = XCBuildConfiguration;
			buildSettings = {
				ALWAYS_SEARCH_USER_PATHS = NO;
				CLANG_ANALYZER_NONNULL = YES;
				CLANG_ANALYZER_NUMBER_OBJECT_CONVERSION = YES_AGGRESSIVE;
				CLANG_CXX_LANGUAGE_STANDARD = "gnu++14";
				CLANG_CXX_LIBRARY = "libc++";
				CLANG_ENABLE_MODULES = YES;
				CLANG_ENABLE_OBJC_ARC = YES;
				CLANG_WARN_BLOCK_CAPTURE_AUTORELEASING = YES;
				CLANG_WARN_BOOL_CONVERSION = YES;
				CLANG_WARN_COMMA = YES;
				CLANG_WARN_CONSTANT_CONVERSION = YES;
				CLANG_WARN_DIRECT_OBJC_ISA_USAGE = YES_ERROR;
				CLANG_WARN_DOCUMENTATION_COMMENTS = YES;
				CLANG_WARN_EMPTY_BODY = YES;
				CLANG_WARN_ENUM_CONVERSION = YES;
				CLANG_WARN_INFINITE_RECURSION = YES;
				CLANG_WARN_INT_CONVERSION = YES;
				CLANG_WARN_NON_LITERAL_NULL_CONVERSION = YES;
				CLANG_WARN_OBJC_LITERAL_CONVERSION = YES;
				CLANG_WARN_OBJC_ROOT_CLASS = YES_ERROR;
				CLANG_WARN_RANGE_LOOP_ANALYSIS = YES;
				CLANG_WARN_STRICT_PROTOTYPES = YES;
				CLANG_WARN_SUSPICIOUS_MOVE = YES;
				CLANG_WARN_UNGUARDED_AVAILABILITY = YES_AGGRESSIVE;
				CLANG_WARN_UNREACHABLE_CODE = YES;
				CLANG_WARN__DUPLICATE_METHOD_MATCH = YES;
				CODE_SIGN_IDENTITY = "iPhone Developer";
				COPY_PHASE_STRIP = NO;
				DEBUG_INFORMATION_FORMAT = "dwarf-with-dsym";
				ENABLE_NS_ASSERTIONS = NO;
				ENABLE_STRICT_OBJC_MSGSEND = YES;
				GCC_C_LANGUAGE_STANDARD = gnu11;
				GCC_NO_COMMON_BLOCKS = YES;
				GCC_WARN_64_TO_32_BIT_CONVERSION = YES;
				GCC_WARN_ABOUT_RETURN_TYPE = YES_ERROR;
				GCC_WARN_UNDECLARED_SELECTOR = YES;
				GCC_WARN_UNINITIALIZED_AUTOS = YES_AGGRESSIVE;
				GCC_WARN_UNUSED_FUNCTION = YES;
				GCC_WARN_UNUSED_VARIABLE = YES;
				IPHONEOS_DEPLOYMENT_TARGET = 11.2;
				MTL_ENABLE_DEBUG_INFO = NO;
				SDKROOT = iphoneos;
				SWIFT_OPTIMIZATION_LEVEL = "-Owholemodule";
				VALIDATE_PRODUCT = YES;
			};
			name = Release;
		};
		40AECDCA2157919D0059AA8C /* Debug */ = {
			isa = XCBuildConfiguration;
			buildSettings = {
				ASSETCATALOG_COMPILER_APPICON_NAME = AppIcon;
				CODE_SIGN_STYLE = Automatic;
				INFOPLIST_FILE = highvoltage/Info.plist;
				IPHONEOS_DEPLOYMENT_TARGET = 11.0;
				LD_RUNPATH_SEARCH_PATHS = "$(inherited) @executable_path/Frameworks";
				PRODUCT_BUNDLE_IDENTIFIER = a.highvoltage;
				PRODUCT_NAME = "$(TARGET_NAME)";
				SWIFT_VERSION = 4.0;
				TARGETED_DEVICE_FAMILY = "1,2";
			};
			name = Debug;
		};
		40AECDCB2157919D0059AA8C /* Release */ = {
			isa = XCBuildConfiguration;
			buildSettings = {
				ASSETCATALOG_COMPILER_APPICON_NAME = AppIcon;
				CODE_SIGN_STYLE = Automatic;
				INFOPLIST_FILE = highvoltage/Info.plist;
				IPHONEOS_DEPLOYMENT_TARGET = 11.0;
				LD_RUNPATH_SEARCH_PATHS = "$(inherited) @executable_path/Frameworks";
				PRODUCT_BUNDLE_IDENTIFIER = a.highvoltage;
				PRODUCT_NAME = "$(TARGET_NAME)";
				SWIFT_VERSION = 4.0;
				TARGETED_DEVICE_FAMILY = "1,2";
			};
			name = Release;
		};
		40AECDCD2157919D0059AA8C /* Debug */ = {
			isa = XCBuildConfiguration;
			buildSettings = {
				ALWAYS_EMBED_SWIFT_STANDARD_LIBRARIES = YES;
				BUNDLE_LOADER = "$(TEST_HOST)";
				CODE_SIGN_STYLE = Automatic;
				INFOPLIST_FILE = highvoltageTests/Info.plist;
				LD_RUNPATH_SEARCH_PATHS = "$(inherited) @executable_path/Frameworks @loader_path/Frameworks";
				PRODUCT_BUNDLE_IDENTIFIER = a.highvoltageTests;
				PRODUCT_NAME = "$(TARGET_NAME)";
				SWIFT_VERSION = 4.0;
				TARGETED_DEVICE_FAMILY = "1,2";
				TEST_HOST = "$(BUILT_PRODUCTS_DIR)/highvoltage.app/highvoltage";
			};
			name = Debug;
		};
		40AECDCE2157919D0059AA8C /* Release */ = {
			isa = XCBuildConfiguration;
			buildSettings = {
				ALWAYS_EMBED_SWIFT_STANDARD_LIBRARIES = YES;
				BUNDLE_LOADER = "$(TEST_HOST)";
				CODE_SIGN_STYLE = Automatic;
				INFOPLIST_FILE = highvoltageTests/Info.plist;
				LD_RUNPATH_SEARCH_PATHS = "$(inherited) @executable_path/Frameworks @loader_path/Frameworks";
				PRODUCT_BUNDLE_IDENTIFIER = a.highvoltageTests;
				PRODUCT_NAME = "$(TARGET_NAME)";
				SWIFT_VERSION = 4.0;
				TARGETED_DEVICE_FAMILY = "1,2";
				TEST_HOST = "$(BUILT_PRODUCTS_DIR)/highvoltage.app/highvoltage";
			};
			name = Release;
		};
		40AECDD02157919D0059AA8C /* Debug */ = {
			isa = XCBuildConfiguration;
			buildSettings = {
				ALWAYS_EMBED_SWIFT_STANDARD_LIBRARIES = YES;
				CODE_SIGN_STYLE = Automatic;
				INFOPLIST_FILE = highvoltageUITests/Info.plist;
				LD_RUNPATH_SEARCH_PATHS = "$(inherited) @executable_path/Frameworks @loader_path/Frameworks";
				PRODUCT_BUNDLE_IDENTIFIER = a.highvoltageUITests;
				PRODUCT_NAME = "$(TARGET_NAME)";
				SWIFT_VERSION = 4.0;
				TARGETED_DEVICE_FAMILY = "1,2";
				TEST_TARGET_NAME = highvoltage;
			};
			name = Debug;
		};
		40AECDD12157919D0059AA8C /* Release */ = {
			isa = XCBuildConfiguration;
			buildSettings = {
				ALWAYS_EMBED_SWIFT_STANDARD_LIBRARIES = YES;
				CODE_SIGN_STYLE = Automatic;
				INFOPLIST_FILE = highvoltageUITests/Info.plist;
				LD_RUNPATH_SEARCH_PATHS = "$(inherited) @executable_path/Frameworks @loader_path/Frameworks";
				PRODUCT_BUNDLE_IDENTIFIER = a.highvoltageUITests;
				PRODUCT_NAME = "$(TARGET_NAME)";
				SWIFT_VERSION = 4.0;
				TARGETED_DEVICE_FAMILY = "1,2";
				TEST_TARGET_NAME = highvoltage;
			};
			name = Release;
		};
/* End XCBuildConfiguration section */

/* Begin XCConfigurationList section */
		40AECD9C2157919D0059AA8C /* Build configuration list for PBXProject "highvoltage" */ = {
			isa = XCConfigurationList;
			buildConfigurations = (
				40AECDC72157919D0059AA8C /* Debug */,
				40AECDC82157919D0059AA8C /* Release */,
			);
			defaultConfigurationIsVisible = 0;
			defaultConfigurationName = Release;
		};
		40AECDC92157919D0059AA8C /* Build configuration list for PBXNativeTarget "highvoltage" */ = {
			isa = XCConfigurationList;
			buildConfigurations = (
				40AECDCA2157919D0059AA8C /* Debug */,
				40AECDCB2157919D0059AA8C /* Release */,
			);
			defaultConfigurationIsVisible = 0;
			defaultConfigurationName = Release;
		};
		40AECDCC2157919D0059AA8C /* Build configuration list for PBXNativeTarget "highvoltageTests" */ = {
			isa = XCConfigurationList;
			buildConfigurations = (
				40AECDCD2157919D0059AA8C /* Debug */,
				40AECDCE2157919D0059AA8C /* Release */,
			);
			defaultConfigurationIsVisible = 0;
			defaultConfigurationName = Release;
		};
		40AECDCF2157919D0059AA8C /* Build configuration list for PBXNativeTarget "highvoltageUITests" */ = {
			isa = XCConfigurationList;
			buildConfigurations = (
				40AECDD02157919D0059AA8C /* Debug */,
				40AECDD12157919D0059AA8C /* Release */,
			);
			defaultConfigurationIsVisible = 0;
			defaultConfigurationName = Release;
		};
/* End XCConfigurationList section */
	};
	rootObject = 40AECD992157919D0059AA8C /* Project object */;
}
